
Microsoft Visual Studio Solution File, Format Version 12.00
# Visual Studio Version 17
VisualStudioVersion = 17.13.35919.96
MinimumVisualStudioVersion = 10.0.40219.1
Project("{FAE04EC0-301F-11D3-BF4B-00C04F79EFBC}") = "RetroTapes", "RetroTapes.csproj", "{2B6B2407-8302-495E-ACEC-75DDC73AA10F}"
EndProject
Global
	GlobalSection(SolutionConfigurationPlatforms) = preSolution
		Debug|Any CPU = Debug|Any CPU
		Release|Any CPU = Release|Any CPU
	EndGlobalSection
	GlobalSection(ProjectConfigurationPlatforms) = postSolution
		{2B6B2407-8302-495E-ACEC-75DDC73AA10F}.Debug|Any CPU.ActiveCfg = Debug|Any CPU
		{2B6B2407-8302-495E-ACEC-75DDC73AA10F}.Debug|Any CPU.Build.0 = Debug|Any CPU
		{2B6B2407-8302-495E-ACEC-75DDC73AA10F}.Release|Any CPU.ActiveCfg = Release|Any CPU
		{2B6B2407-8302-495E-ACEC-75DDC73AA10F}.Release|Any CPU.Build.0 = Release|Any CPU
	EndGlobalSection
	GlobalSection(SolutionProperties) = preSolution
		HideSolutionNode = FALSE
	EndGlobalSection
	GlobalSection(ExtensibilityGlobals) = postSolution
		SolutionGuid = {0919D3AD-4D3C-4C72-A5BB-61C8F252C809}
	EndGlobalSection
EndGlobal
